
Microsoft Visual Studio Solution File, Format Version 12.00
# Visual Studio Version 17
VisualStudioVersion = 17.9.34622.214
MinimumVisualStudioVersion = 10.0.40219.1
Project("{FAE04EC0-301F-11D3-BF4B-00C04F79EFBC}") = "WebAPI", "WebAPI\WebAPI.csproj", "{91D87FA3-7294-4E7D-B69F-8B6D72002396}"
EndProject
Project("{FAE04EC0-301F-11D3-BF4B-00C04F79EFBC}") = "WebApp", "WebApp\WebApp.csproj", "{1D236534-A97E-4DDC-98B3-80C13EA8EC8D}"
EndProject
Project("{FAE04EC0-301F-11D3-BF4B-00C04F79EFBC}") = "eProfessional.DAL", "eProfessional.DAL\eProfessional.DAL.csproj", "{FB0BD1A4-2EEF-49AC-9F0A-4652F42B7E66}"
EndProject
Project("{FAE04EC0-301F-11D3-BF4B-00C04F79EFBC}") = "eProfessional.BLL", "eProfessional.BLL\eProfessional.BLL.csproj", "{A2DD94FA-F20D-4893-83A9-33E1BA9C0C75}"
EndProject
Global
	GlobalSection(SolutionConfigurationPlatforms) = preSolution
		Debug|Any CPU = Debug|Any CPU
		Release|Any CPU = Release|Any CPU
	EndGlobalSection
	GlobalSection(ProjectConfigurationPlatforms) = postSolution
		{91D87FA3-7294-4E7D-B69F-8B6D72002396}.Debug|Any CPU.ActiveCfg = Debug|Any CPU
		{91D87FA3-7294-4E7D-B69F-8B6D72002396}.Debug|Any CPU.Build.0 = Debug|Any CPU
		{91D87FA3-7294-4E7D-B69F-8B6D72002396}.Release|Any CPU.ActiveCfg = Release|Any CPU
		{91D87FA3-7294-4E7D-B69F-8B6D72002396}.Release|Any CPU.Build.0 = Release|Any CPU
		{1D236534-A97E-4DDC-98B3-80C13EA8EC8D}.Debug|Any CPU.ActiveCfg = Debug|Any CPU
		{1D236534-A97E-4DDC-98B3-80C13EA8EC8D}.Debug|Any CPU.Build.0 = Debug|Any CPU
		{1D236534-A97E-4DDC-98B3-80C13EA8EC8D}.Release|Any CPU.ActiveCfg = Release|Any CPU
		{1D236534-A97E-4DDC-98B3-80C13EA8EC8D}.Release|Any CPU.Build.0 = Release|Any CPU
		{FB0BD1A4-2EEF-49AC-9F0A-4652F42B7E66}.Debug|Any CPU.ActiveCfg = Debug|Any CPU
		{FB0BD1A4-2EEF-49AC-9F0A-4652F42B7E66}.Debug|Any CPU.Build.0 = Debug|Any CPU
		{FB0BD1A4-2EEF-49AC-9F0A-4652F42B7E66}.Release|Any CPU.ActiveCfg = Release|Any CPU
		{FB0BD1A4-2EEF-49AC-9F0A-4652F42B7E66}.Release|Any CPU.Build.0 = Release|Any CPU
		{A2DD94FA-F20D-4893-83A9-33E1BA9C0C75}.Debug|Any CPU.ActiveCfg = Debug|Any CPU
		{A2DD94FA-F20D-4893-83A9-33E1BA9C0C75}.Debug|Any CPU.Build.0 = Debug|Any CPU
		{A2DD94FA-F20D-4893-83A9-33E1BA9C0C75}.Release|Any CPU.ActiveCfg = Release|Any CPU
		{A2DD94FA-F20D-4893-83A9-33E1BA9C0C75}.Release|Any CPU.Build.0 = Release|Any CPU
	EndGlobalSection
	GlobalSection(SolutionProperties) = preSolution
		HideSolutionNode = FALSE
	EndGlobalSection
	GlobalSection(ExtensibilityGlobals) = postSolution
		SolutionGuid = {B79E6A16-7427-4F04-9D8C-A0FF93C062F9}
	EndGlobalSection
EndGlobal
